
Microsoft Visual Studio Solution File, Format Version 12.00
# Visual Studio Version 17
VisualStudioVersion = 17.6.33829.357
MinimumVisualStudioVersion = 10.0.40219.1
Project("{FAE04EC0-301F-11D3-BF4B-00C04F79EFBC}") = "redis", "redis.csproj", "{51F556E8-2758-4F33-91D5-AC8F778A0D0E}"
EndProject
Global
	GlobalSection(SolutionConfigurationPlatforms) = preSolution
		Debug|Any CPU = Debug|Any CPU
		Release|Any CPU = Release|Any CPU
	EndGlobalSection
	GlobalSection(ProjectConfigurationPlatforms) = postSolution
		{51F556E8-2758-4F33-91D5-AC8F778A0D0E}.Debug|Any CPU.ActiveCfg = Debug|Any CPU
		{51F556E8-2758-4F33-91D5-AC8F778A0D0E}.Debug|Any CPU.Build.0 = Debug|Any CPU
		{51F556E8-2758-4F33-91D5-AC8F778A0D0E}.Release|Any CPU.ActiveCfg = Release|Any CPU
		{51F556E8-2758-4F33-91D5-AC8F778A0D0E}.Release|Any CPU.Build.0 = Release|Any CPU
	EndGlobalSection
	GlobalSection(SolutionProperties) = preSolution
		HideSolutionNode = FALSE
	EndGlobalSection
	GlobalSection(ExtensibilityGlobals) = postSolution
		SolutionGuid = {65663702-A24B-4F69-8EFB-DDFC07DB5709}
	EndGlobalSection
EndGlobal
